
Microsoft Visual Studio Solution File, Format Version 12.00
# Visual Studio 15
VisualStudioVersion = 15.0.28307.645
MinimumVisualStudioVersion = 10.0.40219.1
Project("{FAE04EC0-301F-11D3-BF4B-00C04F79EFBC}") = "SubDivExactEval", "SubDivExactEval\SubDivExactEval.csproj", "{95F6964C-68FB-40BB-8330-A96888562515}"
EndProject
Global
	GlobalSection(SolutionConfigurationPlatforms) = preSolution
		Debug|Any CPU = Debug|Any CPU
		Release|Any CPU = Release|Any CPU
	EndGlobalSection
	GlobalSection(ProjectConfigurationPlatforms) = postSolution
		{95F6964C-68FB-40BB-8330-A96888562515}.Debug|Any CPU.ActiveCfg = Debug|Any CPU
		{95F6964C-68FB-40BB-8330-A96888562515}.Debug|Any CPU.Build.0 = Debug|Any CPU
		{95F6964C-68FB-40BB-8330-A96888562515}.Release|Any CPU.ActiveCfg = Release|Any CPU
		{95F6964C-68FB-40BB-8330-A96888562515}.Release|Any CPU.Build.0 = Release|Any CPU
	EndGlobalSection
	GlobalSection(SolutionProperties) = preSolution
		HideSolutionNode = FALSE
	EndGlobalSection
	GlobalSection(ExtensibilityGlobals) = postSolution
		SolutionGuid = {4BEB800D-1A49-4DF6-9D46-70B5154606FE}
	EndGlobalSection
EndGlobal
